
Microsoft Visual Studio Solution File, Format Version 12.00
# Visual Studio Version 17
VisualStudioVersion = 17.2.32526.322
MinimumVisualStudioVersion = 10.0.40219.1
Project("{FAE04EC0-301F-11D3-BF4B-00C04F79EFBC}") = "Activity 9", "Activity 9\Activity 9.csproj", "{0B5D6044-799D-4761-9E5C-998BFF364A14}"
EndProject
Global
	GlobalSection(SolutionConfigurationPlatforms) = preSolution
		Debug|Any CPU = Debug|Any CPU
		Release|Any CPU = Release|Any CPU
	EndGlobalSection
	GlobalSection(ProjectConfigurationPlatforms) = postSolution
		{0B5D6044-799D-4761-9E5C-998BFF364A14}.Debug|Any CPU.ActiveCfg = Debug|Any CPU
		{0B5D6044-799D-4761-9E5C-998BFF364A14}.Debug|Any CPU.Build.0 = Debug|Any CPU
		{0B5D6044-799D-4761-9E5C-998BFF364A14}.Release|Any CPU.ActiveCfg = Release|Any CPU
		{0B5D6044-799D-4761-9E5C-998BFF364A14}.Release|Any CPU.Build.0 = Release|Any CPU
	EndGlobalSection
	GlobalSection(SolutionProperties) = preSolution
		HideSolutionNode = FALSE
	EndGlobalSection
	GlobalSection(ExtensibilityGlobals) = postSolution
		SolutionGuid = {5EEC2236-2DD4-4D31-98FE-2D61531E8A87}
	EndGlobalSection
EndGlobal
